
Microsoft Visual Studio Solution File, Format Version 12.00
Project("{FAE04EC0-301F-11D3-BF4B-00C04F79EFBC}") = "CSharp", "CSharp\CSharp.csproj", "{FA12B65A-2B94-431E-A5A1-0AE90094BD34}"
EndProject
Global
	GlobalSection(SolutionConfigurationPlatforms) = preSolution
		Debug|Any CPU = Debug|Any CPU
		Release|Any CPU = Release|Any CPU
	EndGlobalSection
	GlobalSection(ProjectConfigurationPlatforms) = postSolution
		{FA12B65A-2B94-431E-A5A1-0AE90094BD34}.Debug|Any CPU.ActiveCfg = Debug|Any CPU
		{FA12B65A-2B94-431E-A5A1-0AE90094BD34}.Debug|Any CPU.Build.0 = Debug|Any CPU
		{FA12B65A-2B94-431E-A5A1-0AE90094BD34}.Release|Any CPU.ActiveCfg = Release|Any CPU
		{FA12B65A-2B94-431E-A5A1-0AE90094BD34}.Release|Any CPU.Build.0 = Release|Any CPU
	EndGlobalSection
EndGlobal
